{
  "name": "benniemosher.com",
  "lockfileVersion": 2,
  "requires": true,
  "packages": {
    "": {
      "devDependencies": {
        "workbox-cli": "googlechrome/workbox#v6"
      }
    },
    "node_modules/workbox-cli": {
      "name": "workbox",
      "version": "0.0.0",
      "resolved": "git+ssh://git@github.com/googlechrome/workbox.git#63ea2ca52e7278411a71520f48bd9cf700694edd",
      "dev": true,
      "license": "MIT",
      "engines": {
        "node": ">=10.0.0"
      }
    }
  },
  "dependencies": {
    "workbox-cli": {
      "version": "git+ssh://git@github.com/googlechrome/workbox.git#63ea2ca52e7278411a71520f48bd9cf700694edd",
      "dev": true,
      "from": "workbox-cli@googlechrome/workbox#v6"
    }
  }
}
